{
  "name": "mullion-opencode-e2e",
  "version": "1.0.0",
  "lockfileVersion": 3,
  "requires": true,
  "packages": {
    "": {
      "name": "mullion-opencode-e2e",
      "version": "1.0.0",
      "license": "UNLICENSED",
      "dependencies": {
        "opencode-ai": "1.18.26"
      }
    },
    "node_modules/opencode-ai": {
      "version": "1.18.26",
      "resolved": "https://registry.npmjs.org/opencode-ai/-/opencode-ai-1.18.26.tgz",
      "integrity": "sha512-XFPIj/yJZN8eBi4+uTjsnYAd/QezCM+/OUa3JbtL7tKQF4fGHR4onZx2d6oUGqbVs4CNONQ8QFKejeW+qVJIEA==",
      "cpu": [
        "arm64",
        "x64"
      ],
      "hasInstallScript": true,
      "license": "MIT",
      "os": [
        "darwin",
        "linux",
        "win32"
      ],
      "bin": {
        "opencode": "bin/opencode.exe"
      },
      "optionalDependencies": {
        "opencode-darwin-arm64": "1.18.26",
        "opencode-darwin-x64": "1.18.26",
        "opencode-darwin-x64-baseline": "1.18.26",
        "opencode-linux-arm64": "1.18.26",
        "opencode-linux-arm64-musl": "1.18.26",
        "opencode-linux-x64": "1.18.26",
        "opencode-linux-x64-baseline": "1.18.26",
        "opencode-linux-x64-baseline-musl": "1.18.26",
        "opencode-linux-x64-musl": "1.18.26",
        "opencode-windows-arm64": "1.18.26",
        "opencode-windows-x64": "1.18.26",
        "opencode-windows-x64-baseline": "1.18.26"
      }
    },
    "node_modules/opencode-darwin-arm64": {
      "version": "1.18.26",
      "resolved": "https://registry.npmjs.org/opencode-darwin-arm64/-/opencode-darwin-arm64-1.18.26.tgz",
      "integrity": "sha512-EatFg4sOw6z3sGFb7Fh+uR5XKIrjRH9js0uWwsjNmK2CmfhBw8bowPGnwMG8/VeHw5Jhs1OtYLDl7HArXCLgyQ==",
      "cpu": [
        "arm64"
      ],
      "optional": true,
      "os": [
        "darwin"
      ]
    },
    "node_modules/opencode-darwin-x64": {
      "version": "1.18.26",
      "resolved": "https://registry.npmjs.org/opencode-darwin-x64/-/opencode-darwin-x64-1.18.26.tgz",
      "integrity": "sha512-RQriCOh11HcGqo185Qje3AWEhOt9q6d4OpHPmHyafPn8Tp1gzQuEdjQC6jYLwxl6gaJ0svpnjY/kDMTWUlkkDA==",
      "cpu": [
        "x64"
      ],
      "optional": true,
      "os": [
        "darwin"
      ]
    },
    "node_modules/opencode-darwin-x64-baseline": {
      "version": "1.18.26",
      "resolved": "https://registry.npmjs.org/opencode-darwin-x64-baseline/-/opencode-darwin-x64-baseline-1.18.26.tgz",
      "integrity": "sha512-ADKk92mRuu/CURQYWsbxVotcI4zb5g6eaLO3G1dXBbn+ylVTkZUgnZPBwXPv0u5YsXLmXGgy1ZyDKjY4DV8xmQ==",
      "cpu": [
        "x64"
      ],
      "optional": true,
      "os": [
        "darwin"
      ]
    },
    "node_modules/opencode-linux-arm64": {
      "version": "1.18.26",
      "resolved": "https://registry.npmjs.org/opencode-linux-arm64/-/opencode-linux-arm64-1.18.26.tgz",
      "integrity": "sha512-iOHzx0pvQoxb8120ck7f0M50AL3T9EAcS7r3qmLfhnXlNQ0E7Vq1f2HvnJ4lkBdbqzywgoV9gM6oJFYIaFERaQ==",
      "cpu": [
        "arm64"
      ],
      "optional": true,
      "os": [
        "linux"
      ]
    },
    "node_modules/opencode-linux-arm64-musl": {
      "version": "1.18.26",
      "resolved": "https://registry.npmjs.org/opencode-linux-arm64-musl/-/opencode-linux-arm64-musl-1.18.26.tgz",
      "integrity": "sha512-mYV3Mw1QDYmHj/Fc3tahwFa+KvtvuV2rJRM3FlQvHnKP7KbDj01cwM+z8uyXipKNr3UZAiIad3Mo5RA4fnB1SQ==",
      "cpu": [
        "arm64"
      ],
      "libc": [
        "musl"
      ],
      "optional": true,
      "os": [
        "linux"
      ]
    },
    "node_modules/opencode-linux-x64": {
      "version": "1.18.26",
      "resolved": "https://registry.npmjs.org/opencode-linux-x64/-/opencode-linux-x64-1.18.26.tgz",
      "integrity": "sha512-21Dr0bTDT4cq+o3Xq5m/8dTQTtNv4Mfu4Y1PRgxCb3d+KJVlgQhlPOeoN5/9IEZlVq3kXYzOin59+0k38jsI6A==",
      "cpu": [
        "x64"
      ],
      "optional": true,
      "os": [
        "linux"
      ]
    },
    "node_modules/opencode-linux-x64-baseline": {
      "version": "1.18.26",
      "resolved": "https://registry.npmjs.org/opencode-linux-x64-baseline/-/opencode-linux-x64-baseline-1.18.26.tgz",
      "integrity": "sha512-KjHmwVHxWA5s4J7WfXjLeyFff2ddOnNvg3abhkaVjtNVXeuQJQIZtdoh/J/KPfA/PFcMaM7OS8G62LdS8JWsOg==",
      "cpu": [
        "x64"
      ],
      "optional": true,
      "os": [
        "linux"
      ]
    },
    "node_modules/opencode-linux-x64-baseline-musl": {
      "version": "1.18.26",
      "resolved": "https://registry.npmjs.org/opencode-linux-x64-baseline-musl/-/opencode-linux-x64-baseline-musl-1.18.26.tgz",
      "integrity": "sha512-TIs+xnQeFl5AlIQb1jY5BasHfnGDXoGCTqWF9fIINWIhKzKMMGGsG9BxxImd5uI598UOgm6u/hfqCpyor6AwaQ==",
      "cpu": [
        "x64"
      ],
      "libc": [
        "musl"
      ],
      "optional": true,
      "os": [
        "linux"
      ]
    },
    "node_modules/opencode-linux-x64-musl": {
      "version": "1.18.26",
      "resolved": "https://registry.npmjs.org/opencode-linux-x64-musl/-/opencode-linux-x64-musl-1.18.26.tgz",
      "integrity": "sha512-Sxq8XUHttSN7wkKQuwxFY14JCQnQymOeGj9AakcAQVWL7PM0hCqX99lxD6MGG2KmWYgP7j4ZiGf4XfvMwDdaaQ==",
      "cpu": [
        "x64"
      ],
      "libc": [
        "musl"
      ],
      "optional": true,
      "os": [
        "linux"
      ]
    },
    "node_modules/opencode-windows-arm64": {
      "version": "1.18.26",
      "resolved": "https://registry.npmjs.org/opencode-windows-arm64/-/opencode-windows-arm64-1.18.26.tgz",
      "integrity": "sha512-WifUg+crlL+gy+/674MmUYXscAH/a7upotO1s8581q3YfxOqYjyCpBLuS1UFg5hyL5t3TM32yi6CZ1unG4mIWA==",
      "cpu": [
        "arm64"
      ],
      "optional": true,
      "os": [
        "win32"
      ]
    },
    "node_modules/opencode-windows-x64": {
      "version": "1.18.26",
      "resolved": "https://registry.npmjs.org/opencode-windows-x64/-/opencode-windows-x64-1.18.26.tgz",
      "integrity": "sha512-MOkjZVBN5B81yxYWAG+jD+ReMPPLYJnFGkIeSPiNyCYl7BTsMntZWMwgPcebvHfxdMjAn3GVUClKE2XzPEjkgw==",
      "cpu": [
        "x64"
      ],
      "optional": true,
      "os": [
        "win32"
      ]
    },
    "node_modules/opencode-windows-x64-baseline": {
      "version": "1.18.26",
      "resolved": "https://registry.npmjs.org/opencode-windows-x64-baseline/-/opencode-windows-x64-baseline-1.18.26.tgz",
      "integrity": "sha512-zNsZxPSyHfwhXpb8ROom6qeE+lJzuSnV0e3bdeC1lBazigE7gLOhFaNEWw5HsAGhnPng5LsqTDsS2KcvIoIGjQ==",
      "cpu": [
        "x64"
      ],
      "optional": true,
      "os": [
        "win32"
      ]
    }
  }
}
